
Microsoft Visual Studio Solution File, Format Version 12.00
# Visual Studio 15
VisualStudioVersion = 15.0.26124.0
MinimumVisualStudioVersion = 15.0.26124.0
Project("{2150E333-8FDC-42A3-9474-1A3956D46DE8}") = "src", "src", "{1B7E145A-4103-492C-8D01-102A6F4A9F6E}"
EndProject
Project("{FAE04EC0-301F-11D3-BF4B-00C04F79EFBC}") = "Actio.Api", "src\Actio.Api\Actio.Api.csproj", "{4FFB6EC0-4155-4476-9BA4-3D2755D0E5B9}"
EndProject
Project("{FAE04EC0-301F-11D3-BF4B-00C04F79EFBC}") = "Actio.Common", "src\Actio.Common\Actio.Common.csproj", "{4D3E6DA2-1FAF-4258-8C93-447F80EA090B}"
EndProject
Project("{FAE04EC0-301F-11D3-BF4B-00C04F79EFBC}") = "Actio.Services.Identity", "src\Actio.Services.Identity\Actio.Services.Identity.csproj", "{73340174-3809-47CC-9595-CBA3F8A92481}"
EndProject
Project("{FAE04EC0-301F-11D3-BF4B-00C04F79EFBC}") = "Actio.Services.Activities", "src\Actio.Services.Activities\Actio.Services.Activities.csproj", "{090EEAF2-3F1C-4DFE-9598-1CE1DDEDB5D3}"
EndProject
Global
	GlobalSection(SolutionConfigurationPlatforms) = preSolution
		Debug|Any CPU = Debug|Any CPU
		Debug|x64 = Debug|x64
		Debug|x86 = Debug|x86
		Release|Any CPU = Release|Any CPU
		Release|x64 = Release|x64
		Release|x86 = Release|x86
	EndGlobalSection
	GlobalSection(SolutionProperties) = preSolution
		HideSolutionNode = FALSE
	EndGlobalSection
	GlobalSection(ProjectConfigurationPlatforms) = postSolution
		{4FFB6EC0-4155-4476-9BA4-3D2755D0E5B9}.Debug|Any CPU.ActiveCfg = Debug|Any CPU
		{4FFB6EC0-4155-4476-9BA4-3D2755D0E5B9}.Debug|Any CPU.Build.0 = Debug|Any CPU
		{4FFB6EC0-4155-4476-9BA4-3D2755D0E5B9}.Debug|x64.ActiveCfg = Debug|Any CPU
		{4FFB6EC0-4155-4476-9BA4-3D2755D0E5B9}.Debug|x64.Build.0 = Debug|Any CPU
		{4FFB6EC0-4155-4476-9BA4-3D2755D0E5B9}.Debug|x86.ActiveCfg = Debug|Any CPU
		{4FFB6EC0-4155-4476-9BA4-3D2755D0E5B9}.Debug|x86.Build.0 = Debug|Any CPU
		{4FFB6EC0-4155-4476-9BA4-3D2755D0E5B9}.Release|Any CPU.ActiveCfg = Release|Any CPU
		{4FFB6EC0-4155-4476-9BA4-3D2755D0E5B9}.Release|Any CPU.Build.0 = Release|Any CPU
		{4FFB6EC0-4155-4476-9BA4-3D2755D0E5B9}.Release|x64.ActiveCfg = Release|Any CPU
		{4FFB6EC0-4155-4476-9BA4-3D2755D0E5B9}.Release|x64.Build.0 = Release|Any CPU
		{4FFB6EC0-4155-4476-9BA4-3D2755D0E5B9}.Release|x86.ActiveCfg = Release|Any CPU
		{4FFB6EC0-4155-4476-9BA4-3D2755D0E5B9}.Release|x86.Build.0 = Release|Any CPU
		{4D3E6DA2-1FAF-4258-8C93-447F80EA090B}.Debug|Any CPU.ActiveCfg = Debug|Any CPU
		{4D3E6DA2-1FAF-4258-8C93-447F80EA090B}.Debug|Any CPU.Build.0 = Debug|Any CPU
		{4D3E6DA2-1FAF-4258-8C93-447F80EA090B}.Debug|x64.ActiveCfg = Debug|Any CPU
		{4D3E6DA2-1FAF-4258-8C93-447F80EA090B}.Debug|x64.Build.0 = Debug|Any CPU
		{4D3E6DA2-1FAF-4258-8C93-447F80EA090B}.Debug|x86.ActiveCfg = Debug|Any CPU
		{4D3E6DA2-1FAF-4258-8C93-447F80EA090B}.Debug|x86.Build.0 = Debug|Any CPU
		{4D3E6DA2-1FAF-4258-8C93-447F80EA090B}.Release|Any CPU.ActiveCfg = Release|Any CPU
		{4D3E6DA2-1FAF-4258-8C93-447F80EA090B}.Release|Any CPU.Build.0 = Release|Any CPU
		{4D3E6DA2-1FAF-4258-8C93-447F80EA090B}.Release|x64.ActiveCfg = Release|Any CPU
		{4D3E6DA2-1FAF-4258-8C93-447F80EA090B}.Release|x64.Build.0 = Release|Any CPU
		{4D3E6DA2-1FAF-4258-8C93-447F80EA090B}.Release|x86.ActiveCfg = Release|Any CPU
		{4D3E6DA2-1FAF-4258-8C93-447F80EA090B}.Release|x86.Build.0 = Release|Any CPU
		{73340174-3809-47CC-9595-CBA3F8A92481}.Debug|Any CPU.ActiveCfg = Debug|Any CPU
		{73340174-3809-47CC-9595-CBA3F8A92481}.Debug|Any CPU.Build.0 = Debug|Any CPU
		{73340174-3809-47CC-9595-CBA3F8A92481}.Debug|x64.ActiveCfg = Debug|Any CPU
		{73340174-3809-47CC-9595-CBA3F8A92481}.Debug|x64.Build.0 = Debug|Any CPU
		{73340174-3809-47CC-9595-CBA3F8A92481}.Debug|x86.ActiveCfg = Debug|Any CPU
		{73340174-3809-47CC-9595-CBA3F8A92481}.Debug|x86.Build.0 = Debug|Any CPU
		{73340174-3809-47CC-9595-CBA3F8A92481}.Release|Any CPU.ActiveCfg = Release|Any CPU
		{73340174-3809-47CC-9595-CBA3F8A92481}.Release|Any CPU.Build.0 = Release|Any CPU
		{73340174-3809-47CC-9595-CBA3F8A92481}.Release|x64.ActiveCfg = Release|Any CPU
		{73340174-3809-47CC-9595-CBA3F8A92481}.Release|x64.Build.0 = Release|Any CPU
		{73340174-3809-47CC-9595-CBA3F8A92481}.Release|x86.ActiveCfg = Release|Any CPU
		{73340174-3809-47CC-9595-CBA3F8A92481}.Release|x86.Build.0 = Release|Any CPU
		{090EEAF2-3F1C-4DFE-9598-1CE1DDEDB5D3}.Debug|Any CPU.ActiveCfg = Debug|Any CPU
		{090EEAF2-3F1C-4DFE-9598-1CE1DDEDB5D3}.Debug|Any CPU.Build.0 = Debug|Any CPU
		{090EEAF2-3F1C-4DFE-9598-1CE1DDEDB5D3}.Debug|x64.ActiveCfg = Debug|Any CPU
		{090EEAF2-3F1C-4DFE-9598-1CE1DDEDB5D3}.Debug|x64.Build.0 = Debug|Any CPU
		{090EEAF2-3F1C-4DFE-9598-1CE1DDEDB5D3}.Debug|x86.ActiveCfg = Debug|Any CPU
		{090EEAF2-3F1C-4DFE-9598-1CE1DDEDB5D3}.Debug|x86.Build.0 = Debug|Any CPU
		{090EEAF2-3F1C-4DFE-9598-1CE1DDEDB5D3}.Release|Any CPU.ActiveCfg = Release|Any CPU
		{090EEAF2-3F1C-4DFE-9598-1CE1DDEDB5D3}.Release|Any CPU.Build.0 = Release|Any CPU
		{090EEAF2-3F1C-4DFE-9598-1CE1DDEDB5D3}.Release|x64.ActiveCfg = Release|Any CPU
		{090EEAF2-3F1C-4DFE-9598-1CE1DDEDB5D3}.Release|x64.Build.0 = Release|Any CPU
		{090EEAF2-3F1C-4DFE-9598-1CE1DDEDB5D3}.Release|x86.ActiveCfg = Release|Any CPU
		{090EEAF2-3F1C-4DFE-9598-1CE1DDEDB5D3}.Release|x86.Build.0 = Release|Any CPU
	EndGlobalSection
	GlobalSection(NestedProjects) = preSolution
		{4FFB6EC0-4155-4476-9BA4-3D2755D0E5B9} = {1B7E145A-4103-492C-8D01-102A6F4A9F6E}
		{4D3E6DA2-1FAF-4258-8C93-447F80EA090B} = {1B7E145A-4103-492C-8D01-102A6F4A9F6E}
		{73340174-3809-47CC-9595-CBA3F8A92481} = {1B7E145A-4103-492C-8D01-102A6F4A9F6E}
		{090EEAF2-3F1C-4DFE-9598-1CE1DDEDB5D3} = {1B7E145A-4103-492C-8D01-102A6F4A9F6E}
	EndGlobalSection
EndGlobal
